
Microsoft Visual Studio Solution File, Format Version 12.00
# Visual Studio Version 17
VisualStudioVersion = 17.10.34814.14
MinimumVisualStudioVersion = 10.0.40219.1
Project("{8BC9CEB8-8B4A-11D0-8D11-00A0C91BC942}") = "HomeWork_Task2", "HomeWork_Task2.vcxproj", "{D222471B-4281-4B9A-A9BC-3019621D5CE2}"
EndProject
Global
	GlobalSection(SolutionConfigurationPlatforms) = preSolution
		Debug|x64 = Debug|x64
		Debug|x86 = Debug|x86
		Release|x64 = Release|x64
		Release|x86 = Release|x86
	EndGlobalSection
	GlobalSection(ProjectConfigurationPlatforms) = postSolution
		{D222471B-4281-4B9A-A9BC-3019621D5CE2}.Debug|x64.ActiveCfg = Debug|x64
		{D222471B-4281-4B9A-A9BC-3019621D5CE2}.Debug|x64.Build.0 = Debug|x64
		{D222471B-4281-4B9A-A9BC-3019621D5CE2}.Debug|x86.ActiveCfg = Debug|Win32
		{D222471B-4281-4B9A-A9BC-3019621D5CE2}.Debug|x86.Build.0 = Debug|Win32
		{D222471B-4281-4B9A-A9BC-3019621D5CE2}.Release|x64.ActiveCfg = Release|x64
		{D222471B-4281-4B9A-A9BC-3019621D5CE2}.Release|x64.Build.0 = Release|x64
		{D222471B-4281-4B9A-A9BC-3019621D5CE2}.Release|x86.ActiveCfg = Release|Win32
		{D222471B-4281-4B9A-A9BC-3019621D5CE2}.Release|x86.Build.0 = Release|Win32
	EndGlobalSection
	GlobalSection(SolutionProperties) = preSolution
		HideSolutionNode = FALSE
	EndGlobalSection
	GlobalSection(ExtensibilityGlobals) = postSolution
		SolutionGuid = {49CC703E-7FD2-4A2A-B4E0-D026C3A11F99}
	EndGlobalSection
EndGlobal
